# This file is autogenerated, do not edit; changes may be undone by the next 'dep ensure'.


[[projects]]
  branch = "master"
  name = "github.com/golang/snappy"
  packages = ["."]
  revision = "553a641470496b2327abcac10b36396bd98e45c9"

[[projects]]
  name = "github.com/google/gops"
  packages = ["agent","internal","signal"]
  revision = "57e77c5c37da1f4e1af49f9d1fe760f146c1579e"
  version = "v0.3.2"

[[projects]]
  branch = "master"
  name = "github.com/kardianos/osext"
  packages = ["."]
  revision = "ae77be60afb1dcacde03767a8c37337fad28ac14"

[[projects]]
  name = "github.com/klauspost/compress"
  packages = ["flate","gzip","zlib"]
  revision = "6c8db69c4b49dd4df1fff66996cf556176d0b9bf"
  version = "v1.2.1"

[[projects]]
  name = "github.com/klauspost/cpuid"
  packages = ["."]
  revision = "ae7887de9fa5d2db4eaa8174a7eff2c1ac00f2da"
  version = "v1.1"

[[projects]]
  name = "github.com/klauspost/crc32"
  packages = ["."]
  revision = "cb6bfca970f6908083f26f39a79009d608efd5cd"
  version = "v1.1"

[[projects]]
  name = "github.com/nsqio/go-nsq"
  packages = ["."]
  revision = "eee57a3ac4174c55924125bb15eeeda8cffb6e6f"
  version = "v1.0.7"

[[projects]]
  branch = "master"
  name = "github.com/rifki192/gosample"
  packages = ["hello"]
  revision = "183069fb80f6840b8f00a14ad39bf3a84b019273"

[[projects]]
  name = "github.com/valyala/fasthttp"
  packages = [".","fasthttputil","reuseport"]
  revision = "d42167fd04f636e20b005e9934159e95454233c7"
  version = "v20160617"

[[projects]]
  name = "gopkg.in/gcfg.v1"
  packages = [".","scanner","token","types"]
  revision = "27e4946190b4a327b539185f2b5b1f7c84730728"
  version = "v1.2.0"

[[projects]]
  branch = "v1.0"
  name = "gopkg.in/tokopedia/grace.v1"
  packages = ["."]
  revision = "f3242e67d9aab49fd51bc85b5a87460080243fbb"

[[projects]]
  branch = "v1.1"
  name = "gopkg.in/tokopedia/logging.v1"
  packages = ["."]
  revision = "36f72efafae804621ea6ef29bf340defbbe40aae"

[[projects]]
  name = "gopkg.in/tylerb/graceful.v1"
  packages = ["."]
  revision = "4654dfbb6ad53cb5e27f37d99b02e16c1872fbbb"
  version = "v1.2.15"

[[projects]]
  name = "gopkg.in/warnings.v0"
  packages = ["."]
  revision = "8a331561fe74dadba6edfc59f3be66c22c3b065d"
  version = "v0.1.1"

[solve-meta]
  analyzer-name = "dep"
  analyzer-version = 1
  inputs-digest = "dd7338b4627f2ecb8c6729f8620d2bccc00511f99924c11350e03531fdd2e873"
  solver-name = "gps-cdcl"
  solver-version = 1
